
Microsoft Visual Studio Solution File, Format Version 12.00
# Visual Studio Version 17
VisualStudioVersion = 17.2.32602.215
MinimumVisualStudioVersion = 10.0.40219.1
Project("{9A19103F-16F7-4668-BE54-9A1E7A4F7556}") = "GithubPipelinesLearning", "GithubPipelinesLearning\GithubPipelinesLearning.csproj", "{34FC40E3-F4AF-4FC4-9F1A-38797CCEE352}"
EndProject
Project("{9A19103F-16F7-4668-BE54-9A1E7A4F7556}") = "GithubPipelinesLearning.UnitTests", "GithubPipelinesLearning.UnitTests\GithubPipelinesLearning.UnitTests.csproj", "{40E54F12-9C72-4253-B66A-C3E4C761EBFD}"
EndProject
Project("{9A19103F-16F7-4668-BE54-9A1E7A4F7556}") = "GithubPipelinesLearning.UiTests", "GithubPipelinesLearning.UiTests\GithubPipelinesLearning.UiTests.csproj", "{EACBF732-0BCA-4742-A55A-D76F8BA3AB1B}"
EndProject
Project("{FAE04EC0-301F-11D3-BF4B-00C04F79EFBC}") = "GithubPipelinesLearning.UiTests2", "GithubPipelinesLearning.UiTests2\GithubPipelinesLearning.UiTests2.csproj", "{4187CD25-6278-448B-8589-29D6BE88DEC7}"
EndProject
Global
	GlobalSection(SolutionConfigurationPlatforms) = preSolution
		Debug|Any CPU = Debug|Any CPU
		Release|Any CPU = Release|Any CPU
	EndGlobalSection
	GlobalSection(ProjectConfigurationPlatforms) = postSolution
		{34FC40E3-F4AF-4FC4-9F1A-38797CCEE352}.Debug|Any CPU.ActiveCfg = Debug|Any CPU
		{34FC40E3-F4AF-4FC4-9F1A-38797CCEE352}.Debug|Any CPU.Build.0 = Debug|Any CPU
		{34FC40E3-F4AF-4FC4-9F1A-38797CCEE352}.Release|Any CPU.ActiveCfg = Release|Any CPU
		{34FC40E3-F4AF-4FC4-9F1A-38797CCEE352}.Release|Any CPU.Build.0 = Release|Any CPU
		{40E54F12-9C72-4253-B66A-C3E4C761EBFD}.Debug|Any CPU.ActiveCfg = Debug|Any CPU
		{40E54F12-9C72-4253-B66A-C3E4C761EBFD}.Debug|Any CPU.Build.0 = Debug|Any CPU
		{40E54F12-9C72-4253-B66A-C3E4C761EBFD}.Release|Any CPU.ActiveCfg = Release|Any CPU
		{40E54F12-9C72-4253-B66A-C3E4C761EBFD}.Release|Any CPU.Build.0 = Release|Any CPU
		{EACBF732-0BCA-4742-A55A-D76F8BA3AB1B}.Debug|Any CPU.ActiveCfg = Debug|Any CPU
		{EACBF732-0BCA-4742-A55A-D76F8BA3AB1B}.Debug|Any CPU.Build.0 = Debug|Any CPU
		{EACBF732-0BCA-4742-A55A-D76F8BA3AB1B}.Release|Any CPU.ActiveCfg = Release|Any CPU
		{EACBF732-0BCA-4742-A55A-D76F8BA3AB1B}.Release|Any CPU.Build.0 = Release|Any CPU
		{4187CD25-6278-448B-8589-29D6BE88DEC7}.Debug|Any CPU.ActiveCfg = Debug|Any CPU
		{4187CD25-6278-448B-8589-29D6BE88DEC7}.Debug|Any CPU.Build.0 = Debug|Any CPU
		{4187CD25-6278-448B-8589-29D6BE88DEC7}.Release|Any CPU.ActiveCfg = Release|Any CPU
		{4187CD25-6278-448B-8589-29D6BE88DEC7}.Release|Any CPU.Build.0 = Release|Any CPU
	EndGlobalSection
	GlobalSection(SolutionProperties) = preSolution
		HideSolutionNode = FALSE
	EndGlobalSection
	GlobalSection(ExtensibilityGlobals) = postSolution
		SolutionGuid = {67FF6DA4-594D-4C64-9371-9EE2BF4FB0BB}
	EndGlobalSection
EndGlobal
